PODS:
  - Alamofire (5.0.0)
  - GRDB.swift (4.9.0):
    - GRDB.swift/standard (= 4.9.0)
  - GRDB.swift/standard (4.9.0)
  - Kingfisher (5.13.1):
    - Kingfisher/Core (= 5.13.1)
  - Kingfisher/Core (5.13.1)
  - LeanCloud (17.5.0):
    - LeanCloud/RTM (= 17.5.0)
  - LeanCloud/Foundation (17.5.0):
    - Alamofire (~> 5.0)
  - LeanCloud/RTM (17.5.0):
    - GRDB.swift (~> 4.9)
    - LeanCloud/Foundation (= 17.5.0)
    - Starscream (~> 3.1)
    - SwiftProtobuf (~> 1.8)
  - Starscream (3.1.1)
  - SwiftProtobuf (1.8.0)

DEPENDENCIES:
  - Kingfisher
  - LeanCloud

SPEC REPOS:
  https://github.com/cocoapods/specs.git:
    - Alamofire
    - GRDB.swift
    - Kingfisher
    - LeanCloud
    - Starscream
    - SwiftProtobuf

SPEC CHECKSUMS:
  Alamofire: 58ff2bfb8daaacaa233d5c36e37b10a5248f59b1
  GRDB.swift: 4a6aab0c6f492db0ed42c76efdd5733245516db4
  Kingfisher: f33a848445e33c543620812158dc5d47f6bf90df
  LeanCloud: 2baac97f876a637abf7c861487dc3451543dd2db
  Starscream: 4bb2f9942274833f7b4d296a55504dcfc7edb7b0
  SwiftProtobuf: 2cbd9409689b7df170d82a92a33443c8e3e14a70

PODFILE CHECKSUM: 274b8b3a5ba9b241f85b875673de509cb3d59e6f

COCOAPODS: 1.7.4
